
Microsoft Visual Studio Solution File, Format Version 12.00
# Visual Studio Version 16
VisualStudioVersion = 16.0.31515.178
MinimumVisualStudioVersion = 10.0.40219.1
Project("{8BC9CEB8-8B4A-11D0-8D11-00A0C91BC942}") = "蜡笔小新", "蜡笔小新.vcxproj", "{AB1F727C-757C-4C4F-9ECD-7994B2248790}"
EndProject
Global
	GlobalSection(SolutionConfigurationPlatforms) = preSolution
		Debug|x64 = Debug|x64
		Debug|x86 = Debug|x86
		Release|x64 = Release|x64
		Release|x86 = Release|x86
	EndGlobalSection
	GlobalSection(ProjectConfigurationPlatforms) = postSolution
		{AB1F727C-757C-4C4F-9ECD-7994B2248790}.Debug|x64.ActiveCfg = Debug|x64
		{AB1F727C-757C-4C4F-9ECD-7994B2248790}.Debug|x64.Build.0 = Debug|x64
		{AB1F727C-757C-4C4F-9ECD-7994B2248790}.Debug|x86.ActiveCfg = Debug|Win32
		{AB1F727C-757C-4C4F-9ECD-7994B2248790}.Debug|x86.Build.0 = Debug|Win32
		{AB1F727C-757C-4C4F-9ECD-7994B2248790}.Release|x64.ActiveCfg = Release|x64
		{AB1F727C-757C-4C4F-9ECD-7994B2248790}.Release|x64.Build.0 = Release|x64
		{AB1F727C-757C-4C4F-9ECD-7994B2248790}.Release|x86.ActiveCfg = Release|Win32
		{AB1F727C-757C-4C4F-9ECD-7994B2248790}.Release|x86.Build.0 = Release|Win32
	EndGlobalSection
	GlobalSection(SolutionProperties) = preSolution
		HideSolutionNode = FALSE
	EndGlobalSection
	GlobalSection(ExtensibilityGlobals) = postSolution
		SolutionGuid = {BDC70D8A-9D56-4955-B61F-62F0F36A566A}
	EndGlobalSection
EndGlobal
